<?xml version="1.0" encoding="UTF-8"?>
<Solution>
	<Configurations>
		<BuildType Name="Debug"/>
		<BuildType Name="Release"/>
		<BuildType Name="MinSizeRel"/>
		<BuildType Name="RelWithDebInfo"/>
		<Platform Name="x64"/>
	</Configurations>
	<Project Path="ALL_BUILD.vcxproj" Type="8bc9ceb8-8b4a-11d0-8d11-00a0c91bc942" Id="bc71c956-30c3-3dc1-8bac-4a194c9d11aa" DefaultStartup="true">
		<BuildDependency Project="../../../ZERO_CHECK.vcxproj"/>
		<BuildDependency Project="enet.vcxproj"/>
	</Project>
	<Project Path="INSTALL.vcxproj" Type="8bc9ceb8-8b4a-11d0-8d11-00a0c91bc942" Id="a1fbb377-3be0-37a0-be52-79a0816d6e48">
		<BuildDependency Project="ALL_BUILD.vcxproj"/>
		<BuildDependency Project="../../../ZERO_CHECK.vcxproj"/>
		<Build Solution="Debug|*" Project="false"/>
		<Build Solution="Release|*" Project="false"/>
		<Build Solution="MinSizeRel|*" Project="false"/>
		<Build Solution="RelWithDebInfo|*" Project="false"/>
	</Project>
	<Project Path="PACKAGE.vcxproj" Type="8bc9ceb8-8b4a-11d0-8d11-00a0c91bc942" Id="f65f7dc0-2354-31f9-8bc7-7d78e06d8cdd">
		<BuildDependency Project="ALL_BUILD.vcxproj"/>
		<BuildDependency Project="../../../ZERO_CHECK.vcxproj"/>
		<Build Solution="Debug|*" Project="false"/>
		<Build Solution="Release|*" Project="false"/>
		<Build Solution="MinSizeRel|*" Project="false"/>
		<Build Solution="RelWithDebInfo|*" Project="false"/>
	</Project>
	<Project Path="RUN_TESTS.vcxproj" Type="8bc9ceb8-8b4a-11d0-8d11-00a0c91bc942" Id="c6d91240-97b8-3dc9-a700-13313d67e24b">
		<BuildDependency Project="../../../ZERO_CHECK.vcxproj"/>
		<Build Solution="Debug|*" Project="false"/>
		<Build Solution="Release|*" Project="false"/>
		<Build Solution="MinSizeRel|*" Project="false"/>
		<Build Solution="RelWithDebInfo|*" Project="false"/>
	</Project>
	<Project Path="../../../ZERO_CHECK.vcxproj" Type="8bc9ceb8-8b4a-11d0-8d11-00a0c91bc942" Id="8e7f8e94-cf51-3554-ab11-56ad9669c9c8"/>
	<Project Path="enet.vcxproj" Type="8bc9ceb8-8b4a-11d0-8d11-00a0c91bc942" Id="bf714ce9-baf7-3f82-8d64-0d4b210acd58">
		<BuildDependency Project="../../../ZERO_CHECK.vcxproj"/>
	</Project>
</Solution>
